
Microsoft Visual Studio Solution File, Format Version 12.00
# Visual Studio 14
VisualStudioVersion = 14.0.25123.0
MinimumVisualStudioVersion = 10.0.40219.1
Project("{FAE04EC0-301F-11D3-BF4B-00C04F79EFBC}") = "Föreläsning1", "Föreläsning1\Föreläsning1.csproj", "{15BA3FEA-B447-4EEB-B67B-249FA88F7BA1}"
EndProject
Project("{8BB2217D-0F2D-49D1-97BC-3654ED321F3B}") = "Core", "Core\Core.xproj", "{1A184120-333D-4BB5-BCB2-46F3FDA2AA06}"
EndProject
Project("{FAE04EC0-301F-11D3-BF4B-00C04F79EFBC}") = "Föreläsning1.2(old MVC)", "Föreläsning1.2(old MVC)\Föreläsning1.2(old MVC).csproj", "{A606C9F9-1923-4B5D-AACB-8297DFE5F3F4}"
EndProject
Project("{FAE04EC0-301F-11D3-BF4B-00C04F79EFBC}") = "Föreläsnign 3 - Views", "Föreläsnign 3 - Views\Föreläsnign 3 - Views.csproj", "{45313635-D6DD-4D73-AC30-FF2620312907}"
EndProject
Project("{FAE04EC0-301F-11D3-BF4B-00C04F79EFBC}") = "Föreläsning4 - ModelControllerView - Razor", "Föreläsning4 - ModelControllerView - Razor\Föreläsning4 - ModelControllerView - Razor.csproj", "{7C98B417-3E00-403B-804F-0501F2C52340}"
EndProject
Project("{FAE04EC0-301F-11D3-BF4B-00C04F79EFBC}") = "Föreläsning4 - Övning", "Föreläsning4 - Övning\Föreläsning4 - Övning.csproj", "{A0E318FC-8654-4198-8F75-4022D1BEF826}"
EndProject
Project("{FAE04EC0-301F-11D3-BF4B-00C04F79EFBC}") = "Föreläsning4 - Övning2", "Föreläsning4 - Övning2\Föreläsning4 - Övning2.csproj", "{969AF6F6-A6D6-4B08-8A39-D23C86BE0219}"
EndProject
Project("{FAE04EC0-301F-11D3-BF4B-00C04F79EFBC}") = "Föreläsning6 - MVC_Entity", "Föreläsning6 - MVC_Entity\Föreläsning6 - MVC_Entity.csproj", "{26AA769B-855E-41CF-ADF7-FAD4DF643292}"
EndProject
Project("{FAE04EC0-301F-11D3-BF4B-00C04F79EFBC}") = "Föreläsning6 - övning", "Föreläsning6 - övning\Föreläsning6 - övning.csproj", "{E3B0A644-9E7F-4B01-9041-03BE965803C8}"
EndProject
Global
	GlobalSection(SolutionConfigurationPlatforms) = preSolution
		Debug|Any CPU = Debug|Any CPU
		Release|Any CPU = Release|Any CPU
	EndGlobalSection
	GlobalSection(ProjectConfigurationPlatforms) = postSolution
		{15BA3FEA-B447-4EEB-B67B-249FA88F7BA1}.Debug|Any CPU.ActiveCfg = Debug|Any CPU
		{15BA3FEA-B447-4EEB-B67B-249FA88F7BA1}.Debug|Any CPU.Build.0 = Debug|Any CPU
		{15BA3FEA-B447-4EEB-B67B-249FA88F7BA1}.Release|Any CPU.ActiveCfg = Release|Any CPU
		{15BA3FEA-B447-4EEB-B67B-249FA88F7BA1}.Release|Any CPU.Build.0 = Release|Any CPU
		{1A184120-333D-4BB5-BCB2-46F3FDA2AA06}.Debug|Any CPU.ActiveCfg = Debug|Any CPU
		{1A184120-333D-4BB5-BCB2-46F3FDA2AA06}.Debug|Any CPU.Build.0 = Debug|Any CPU
		{1A184120-333D-4BB5-BCB2-46F3FDA2AA06}.Release|Any CPU.ActiveCfg = Release|Any CPU
		{1A184120-333D-4BB5-BCB2-46F3FDA2AA06}.Release|Any CPU.Build.0 = Release|Any CPU
		{A606C9F9-1923-4B5D-AACB-8297DFE5F3F4}.Debug|Any CPU.ActiveCfg = Debug|Any CPU
		{A606C9F9-1923-4B5D-AACB-8297DFE5F3F4}.Debug|Any CPU.Build.0 = Debug|Any CPU
		{A606C9F9-1923-4B5D-AACB-8297DFE5F3F4}.Release|Any CPU.ActiveCfg = Release|Any CPU
		{A606C9F9-1923-4B5D-AACB-8297DFE5F3F4}.Release|Any CPU.Build.0 = Release|Any CPU
		{45313635-D6DD-4D73-AC30-FF2620312907}.Debug|Any CPU.ActiveCfg = Debug|Any CPU
		{45313635-D6DD-4D73-AC30-FF2620312907}.Debug|Any CPU.Build.0 = Debug|Any CPU
		{45313635-D6DD-4D73-AC30-FF2620312907}.Release|Any CPU.ActiveCfg = Release|Any CPU
		{45313635-D6DD-4D73-AC30-FF2620312907}.Release|Any CPU.Build.0 = Release|Any CPU
		{7C98B417-3E00-403B-804F-0501F2C52340}.Debug|Any CPU.ActiveCfg = Debug|Any CPU
		{7C98B417-3E00-403B-804F-0501F2C52340}.Debug|Any CPU.Build.0 = Debug|Any CPU
		{7C98B417-3E00-403B-804F-0501F2C52340}.Release|Any CPU.ActiveCfg = Release|Any CPU
		{7C98B417-3E00-403B-804F-0501F2C52340}.Release|Any CPU.Build.0 = Release|Any CPU
		{A0E318FC-8654-4198-8F75-4022D1BEF826}.Debug|Any CPU.ActiveCfg = Debug|Any CPU
		{A0E318FC-8654-4198-8F75-4022D1BEF826}.Debug|Any CPU.Build.0 = Debug|Any CPU
		{A0E318FC-8654-4198-8F75-4022D1BEF826}.Release|Any CPU.ActiveCfg = Release|Any CPU
		{A0E318FC-8654-4198-8F75-4022D1BEF826}.Release|Any CPU.Build.0 = Release|Any CPU
		{969AF6F6-A6D6-4B08-8A39-D23C86BE0219}.Debug|Any CPU.ActiveCfg = Debug|Any CPU
		{969AF6F6-A6D6-4B08-8A39-D23C86BE0219}.Debug|Any CPU.Build.0 = Debug|Any CPU
		{969AF6F6-A6D6-4B08-8A39-D23C86BE0219}.Release|Any CPU.ActiveCfg = Release|Any CPU
		{969AF6F6-A6D6-4B08-8A39-D23C86BE0219}.Release|Any CPU.Build.0 = Release|Any CPU
		{26AA769B-855E-41CF-ADF7-FAD4DF643292}.Debug|Any CPU.ActiveCfg = Debug|Any CPU
		{26AA769B-855E-41CF-ADF7-FAD4DF643292}.Debug|Any CPU.Build.0 = Debug|Any CPU
		{26AA769B-855E-41CF-ADF7-FAD4DF643292}.Release|Any CPU.ActiveCfg = Release|Any CPU
		{26AA769B-855E-41CF-ADF7-FAD4DF643292}.Release|Any CPU.Build.0 = Release|Any CPU
		{E3B0A644-9E7F-4B01-9041-03BE965803C8}.Debug|Any CPU.ActiveCfg = Debug|Any CPU
		{E3B0A644-9E7F-4B01-9041-03BE965803C8}.Debug|Any CPU.Build.0 = Debug|Any CPU
		{E3B0A644-9E7F-4B01-9041-03BE965803C8}.Release|Any CPU.ActiveCfg = Release|Any CPU
		{E3B0A644-9E7F-4B01-9041-03BE965803C8}.Release|Any CPU.Build.0 = Release|Any CPU
	EndGlobalSection
	GlobalSection(SolutionProperties) = preSolution
		HideSolutionNode = FALSE
	EndGlobalSection
EndGlobal
