
Microsoft Visual Studio Solution File, Format Version 12.00
# Visual Studio 14
VisualStudioVersion = 14.0.25123.0
MinimumVisualStudioVersion = 10.0.40219.1
Project("{FAE04EC0-301F-11D3-BF4B-00C04F79EFBC}") = "Föreläsning1", "Föreläsning1\Föreläsning1.csproj", "{15BA3FEA-B447-4EEB-B67B-249FA88F7BA1}"
EndProject
Project("{8BB2217D-0F2D-49D1-97BC-3654ED321F3B}") = "Core", "Core\Core.xproj", "{1A184120-333D-4BB5-BCB2-46F3FDA2AA06}"
EndProject
Project("{FAE04EC0-301F-11D3-BF4B-00C04F79EFBC}") = "Föreläsning1.2(old MVC)", "Föreläsning1.2(old MVC)\Föreläsning1.2(old MVC).csproj", "{A606C9F9-1923-4B5D-AACB-8297DFE5F3F4}"
EndProject
Project("{FAE04EC0-301F-11D3-BF4B-00C04F79EFBC}") = "Föreläsnign 3 - Views", "Föreläsnign 3 - Views\Föreläsnign 3 - Views.csproj", "{45313635-D6DD-4D73-AC30-FF2620312907}"
EndProject
Project("{FAE04EC0-301F-11D3-BF4B-00C04F79EFBC}") = "Föreläsning4 - ModelControllerView - Razor", "Föreläsning4 - ModelControllerView - Razor\Föreläsning4 - ModelControllerView - Razor.csproj", "{7C98B417-3E00-403B-804F-0501F2C52340}"
EndProject
Project("{FAE04EC0-301F-11D3-BF4B-00C04F79EFBC}") = "Föreläsning4 - Övning", "Föreläsning4 - Övning\Föreläsning4 - Övning.csproj", "{A0E318FC-8654-4198-8F75-4022D1BEF826}"
EndProject
Project("{FAE04EC0-301F-11D3-BF4B-00C04F79EFBC}") = "Föreläsning4 - Övning2", "Föreläsning4 - Övning2\Föreläsning4 - Övning2.csproj", "{969AF6F6-A6D6-4B08-8A39-D23C86BE0219}"
EndProject
Project("{FAE04EC0-301F-11D3-BF4B-00C04F79EFBC}") = "Föreläsning6 - MVC_Entity", "Föreläsning6 - MVC_Entity\Föreläsning6 - MVC_Entity.csproj", "{26AA769B-855E-41CF-ADF7-FAD4DF643292}"
EndProject
Project("{FAE04EC0-301F-11D3-BF4B-00C04F79EFBC}") = "Föreläsning6 - övning", "Föreläsning6 - övning\Föreläsning6 - övning.csproj", "{E3B0A644-9E7F-4B01-9041-03BE965803C8}"
EndProject
Project("{FAE04EC0-301F-11D3-BF4B-00C04F79EFBC}") = "Föreläsning7 - Tester", "Föreläsning7 - Tester\Föreläsning7 - Tester.csproj", "{F4978BCF-97F0-4BBB-A44C-20C81309D941}"
EndProject
Project("{FAE04EC0-301F-11D3-BF4B-00C04F79EFBC}") = "Föreläsning7 - Tester.Tests", "Föreläsning7 - Tester.Tests\Föreläsning7 - Tester.Tests.csproj", "{884F535C-A651-46CA-9C49-44F9E6C9CB07}"
EndProject
Project("{8BB2217D-0F2D-49D1-97BC-3654ED321F3B}") = "Föreläsning7 - Mer_Tester", "Föreläsning7 - Mer_Tester\Föreläsning7 - Mer_Tester.xproj", "{C4F832C5-8C3B-4C05-A95D-98C28915B0CF}"
EndProject
Project("{FAE04EC0-301F-11D3-BF4B-00C04F79EFBC}") = "Föreläsning7 - Mer_Tester Test", "Föreläsning7 - Mer_Tester Test\Föreläsning7 - Mer_Tester Test.csproj", "{D40E6086-1ABA-4892-822E-2CEBAE55FB61}"
EndProject
Project("{FAE04EC0-301F-11D3-BF4B-00C04F79EFBC}") = "Föreläsning7 - Daisy", "Daisy\Föreläsning7 - Daisy.csproj", "{B7BB02AB-5F5A-4F09-AC40-16E70ED69761}"
EndProject
Project("{FAE04EC0-301F-11D3-BF4B-00C04F79EFBC}") = "Föreläsning7 - DatumÖvning", "Föreläsning7 - DatumÖvning\Föreläsning7 - DatumÖvning.csproj", "{DADC34C7-CAC9-4BCB-9F60-120C5F4F2E87}"
EndProject
Project("{FAE04EC0-301F-11D3-BF4B-00C04F79EFBC}") = "EdderKoppen", "EdderKoppen\EdderKoppen.csproj", "{709629F9-75ED-4CF5-A829-CA58B2A75F7D}"
EndProject
Project("{FAE04EC0-301F-11D3-BF4B-00C04F79EFBC}") = "EdderKoppenTests", "EdderKoppenTests\EdderKoppenTests.csproj", "{DE1D7FE5-80F1-48E8-8E8A-79E4207F9EA9}"
EndProject
Project("{FAE04EC0-301F-11D3-BF4B-00C04F79EFBC}") = "Föreläsning7 - CalculatorKata", "Föreläsning7 - CalculatorKata\Föreläsning7 - CalculatorKata.csproj", "{C0E95C0D-2FB3-46B8-A101-76F7C15CB2CF}"
EndProject
Global
	GlobalSection(SolutionConfigurationPlatforms) = preSolution
		Debug|Any CPU = Debug|Any CPU
		Release|Any CPU = Release|Any CPU
	EndGlobalSection
	GlobalSection(ProjectConfigurationPlatforms) = postSolution
		{15BA3FEA-B447-4EEB-B67B-249FA88F7BA1}.Debug|Any CPU.ActiveCfg = Debug|Any CPU
		{15BA3FEA-B447-4EEB-B67B-249FA88F7BA1}.Debug|Any CPU.Build.0 = Debug|Any CPU
		{15BA3FEA-B447-4EEB-B67B-249FA88F7BA1}.Release|Any CPU.ActiveCfg = Release|Any CPU
		{15BA3FEA-B447-4EEB-B67B-249FA88F7BA1}.Release|Any CPU.Build.0 = Release|Any CPU
		{1A184120-333D-4BB5-BCB2-46F3FDA2AA06}.Debug|Any CPU.ActiveCfg = Debug|Any CPU
		{1A184120-333D-4BB5-BCB2-46F3FDA2AA06}.Debug|Any CPU.Build.0 = Debug|Any CPU
		{1A184120-333D-4BB5-BCB2-46F3FDA2AA06}.Release|Any CPU.ActiveCfg = Release|Any CPU
		{1A184120-333D-4BB5-BCB2-46F3FDA2AA06}.Release|Any CPU.Build.0 = Release|Any CPU
		{A606C9F9-1923-4B5D-AACB-8297DFE5F3F4}.Debug|Any CPU.ActiveCfg = Debug|Any CPU
		{A606C9F9-1923-4B5D-AACB-8297DFE5F3F4}.Debug|Any CPU.Build.0 = Debug|Any CPU
		{A606C9F9-1923-4B5D-AACB-8297DFE5F3F4}.Release|Any CPU.ActiveCfg = Release|Any CPU
		{A606C9F9-1923-4B5D-AACB-8297DFE5F3F4}.Release|Any CPU.Build.0 = Release|Any CPU
		{45313635-D6DD-4D73-AC30-FF2620312907}.Debug|Any CPU.ActiveCfg = Debug|Any CPU
		{45313635-D6DD-4D73-AC30-FF2620312907}.Debug|Any CPU.Build.0 = Debug|Any CPU
		{45313635-D6DD-4D73-AC30-FF2620312907}.Release|Any CPU.ActiveCfg = Release|Any CPU
		{45313635-D6DD-4D73-AC30-FF2620312907}.Release|Any CPU.Build.0 = Release|Any CPU
		{7C98B417-3E00-403B-804F-0501F2C52340}.Debug|Any CPU.ActiveCfg = Debug|Any CPU
		{7C98B417-3E00-403B-804F-0501F2C52340}.Debug|Any CPU.Build.0 = Debug|Any CPU
		{7C98B417-3E00-403B-804F-0501F2C52340}.Release|Any CPU.ActiveCfg = Release|Any CPU
		{7C98B417-3E00-403B-804F-0501F2C52340}.Release|Any CPU.Build.0 = Release|Any CPU
		{A0E318FC-8654-4198-8F75-4022D1BEF826}.Debug|Any CPU.ActiveCfg = Debug|Any CPU
		{A0E318FC-8654-4198-8F75-4022D1BEF826}.Debug|Any CPU.Build.0 = Debug|Any CPU
		{A0E318FC-8654-4198-8F75-4022D1BEF826}.Release|Any CPU.ActiveCfg = Release|Any CPU
		{A0E318FC-8654-4198-8F75-4022D1BEF826}.Release|Any CPU.Build.0 = Release|Any CPU
		{969AF6F6-A6D6-4B08-8A39-D23C86BE0219}.Debug|Any CPU.ActiveCfg = Debug|Any CPU
		{969AF6F6-A6D6-4B08-8A39-D23C86BE0219}.Debug|Any CPU.Build.0 = Debug|Any CPU
		{969AF6F6-A6D6-4B08-8A39-D23C86BE0219}.Release|Any CPU.ActiveCfg = Release|Any CPU
		{969AF6F6-A6D6-4B08-8A39-D23C86BE0219}.Release|Any CPU.Build.0 = Release|Any CPU
		{26AA769B-855E-41CF-ADF7-FAD4DF643292}.Debug|Any CPU.ActiveCfg = Debug|Any CPU
		{26AA769B-855E-41CF-ADF7-FAD4DF643292}.Debug|Any CPU.Build.0 = Debug|Any CPU
		{26AA769B-855E-41CF-ADF7-FAD4DF643292}.Release|Any CPU.ActiveCfg = Release|Any CPU
		{26AA769B-855E-41CF-ADF7-FAD4DF643292}.Release|Any CPU.Build.0 = Release|Any CPU
		{E3B0A644-9E7F-4B01-9041-03BE965803C8}.Debug|Any CPU.ActiveCfg = Debug|Any CPU
		{E3B0A644-9E7F-4B01-9041-03BE965803C8}.Debug|Any CPU.Build.0 = Debug|Any CPU
		{E3B0A644-9E7F-4B01-9041-03BE965803C8}.Release|Any CPU.ActiveCfg = Release|Any CPU
		{E3B0A644-9E7F-4B01-9041-03BE965803C8}.Release|Any CPU.Build.0 = Release|Any CPU
		{F4978BCF-97F0-4BBB-A44C-20C81309D941}.Debug|Any CPU.ActiveCfg = Debug|Any CPU
		{F4978BCF-97F0-4BBB-A44C-20C81309D941}.Debug|Any CPU.Build.0 = Debug|Any CPU
		{F4978BCF-97F0-4BBB-A44C-20C81309D941}.Release|Any CPU.ActiveCfg = Release|Any CPU
		{F4978BCF-97F0-4BBB-A44C-20C81309D941}.Release|Any CPU.Build.0 = Release|Any CPU
		{884F535C-A651-46CA-9C49-44F9E6C9CB07}.Debug|Any CPU.ActiveCfg = Debug|Any CPU
		{884F535C-A651-46CA-9C49-44F9E6C9CB07}.Debug|Any CPU.Build.0 = Debug|Any CPU
		{884F535C-A651-46CA-9C49-44F9E6C9CB07}.Release|Any CPU.ActiveCfg = Release|Any CPU
		{884F535C-A651-46CA-9C49-44F9E6C9CB07}.Release|Any CPU.Build.0 = Release|Any CPU
		{C4F832C5-8C3B-4C05-A95D-98C28915B0CF}.Debug|Any CPU.ActiveCfg = Debug|Any CPU
		{C4F832C5-8C3B-4C05-A95D-98C28915B0CF}.Debug|Any CPU.Build.0 = Debug|Any CPU
		{C4F832C5-8C3B-4C05-A95D-98C28915B0CF}.Release|Any CPU.ActiveCfg = Release|Any CPU
		{C4F832C5-8C3B-4C05-A95D-98C28915B0CF}.Release|Any CPU.Build.0 = Release|Any CPU
		{D40E6086-1ABA-4892-822E-2CEBAE55FB61}.Debug|Any CPU.ActiveCfg = Debug|Any CPU
		{D40E6086-1ABA-4892-822E-2CEBAE55FB61}.Debug|Any CPU.Build.0 = Debug|Any CPU
		{D40E6086-1ABA-4892-822E-2CEBAE55FB61}.Release|Any CPU.ActiveCfg = Release|Any CPU
		{D40E6086-1ABA-4892-822E-2CEBAE55FB61}.Release|Any CPU.Build.0 = Release|Any CPU
		{B7BB02AB-5F5A-4F09-AC40-16E70ED69761}.Debug|Any CPU.ActiveCfg = Debug|Any CPU
		{B7BB02AB-5F5A-4F09-AC40-16E70ED69761}.Debug|Any CPU.Build.0 = Debug|Any CPU
		{B7BB02AB-5F5A-4F09-AC40-16E70ED69761}.Release|Any CPU.ActiveCfg = Release|Any CPU
		{B7BB02AB-5F5A-4F09-AC40-16E70ED69761}.Release|Any CPU.Build.0 = Release|Any CPU
		{DADC34C7-CAC9-4BCB-9F60-120C5F4F2E87}.Debug|Any CPU.ActiveCfg = Debug|Any CPU
		{DADC34C7-CAC9-4BCB-9F60-120C5F4F2E87}.Debug|Any CPU.Build.0 = Debug|Any CPU
		{DADC34C7-CAC9-4BCB-9F60-120C5F4F2E87}.Release|Any CPU.ActiveCfg = Release|Any CPU
		{DADC34C7-CAC9-4BCB-9F60-120C5F4F2E87}.Release|Any CPU.Build.0 = Release|Any CPU
		{709629F9-75ED-4CF5-A829-CA58B2A75F7D}.Debug|Any CPU.ActiveCfg = Debug|Any CPU
		{709629F9-75ED-4CF5-A829-CA58B2A75F7D}.Debug|Any CPU.Build.0 = Debug|Any CPU
		{709629F9-75ED-4CF5-A829-CA58B2A75F7D}.Release|Any CPU.ActiveCfg = Release|Any CPU
		{709629F9-75ED-4CF5-A829-CA58B2A75F7D}.Release|Any CPU.Build.0 = Release|Any CPU
		{DE1D7FE5-80F1-48E8-8E8A-79E4207F9EA9}.Debug|Any CPU.ActiveCfg = Debug|Any CPU
		{DE1D7FE5-80F1-48E8-8E8A-79E4207F9EA9}.Debug|Any CPU.Build.0 = Debug|Any CPU
		{DE1D7FE5-80F1-48E8-8E8A-79E4207F9EA9}.Release|Any CPU.ActiveCfg = Release|Any CPU
		{DE1D7FE5-80F1-48E8-8E8A-79E4207F9EA9}.Release|Any CPU.Build.0 = Release|Any CPU
		{C0E95C0D-2FB3-46B8-A101-76F7C15CB2CF}.Debug|Any CPU.ActiveCfg = Debug|Any CPU
		{C0E95C0D-2FB3-46B8-A101-76F7C15CB2CF}.Debug|Any CPU.Build.0 = Debug|Any CPU
		{C0E95C0D-2FB3-46B8-A101-76F7C15CB2CF}.Release|Any CPU.ActiveCfg = Release|Any CPU
		{C0E95C0D-2FB3-46B8-A101-76F7C15CB2CF}.Release|Any CPU.Build.0 = Release|Any CPU
	EndGlobalSection
	GlobalSection(SolutionProperties) = preSolution
		HideSolutionNode = FALSE
	EndGlobalSection
EndGlobal
